// !$*UTF8*$!
{
	archiveVersion = 1;
	classes = {
	};
	objectVersion = 48;
	objects = {

/* Begin PBXBuildFile section */
		D701B62A1F7B470100A4AE87 /* AppDelegate.swift in Sources */ = {isa = PBXBuildFile; fileRef = D701B6291F7B470100A4AE87 /* AppDelegate.swift */; };
		D701B62C1F7B470100A4AE87 /* ViewController.swift in Sources */ = {isa = PBXBuildFile; fileRef = D701B62B1F7B470100A4AE87 /* ViewController.swift */; };
		D701B62F1F7B470100A4AE87 /* Main.storyboard in Resources */ = {isa = PBXBuildFile; fileRef = D701B62D1F7B470100A4AE87 /* Main.storyboard */; };
		D701B6311F7B470100A4AE87 /* Assets.xcassets in Resources */ = {isa = PBXBuildFile; fileRef = D701B6301F7B470100A4AE87 /* Assets.xcassets */; };
		D701B6341F7B470100A4AE87 /* LaunchScreen.storyboard in Resources */ = {isa = PBXBuildFile; fileRef = D701B6321F7B470100A4AE87 /* LaunchScreen.storyboard */; };
/* End PBXBuildFile section */

/* Begin PBXFileReference section */
		D701B6261F7B470100A4AE87 /* noteForU.app */ = {isa = PBXFileReference; explicitFileType = wrapper.application; includeInIndex = 0; path = noteForU.app; sourceTree = BUILT_PRODUCTS_DIR; };
		D701B6291F7B470100A4AE87 /* AppDelegate.swift */ = {isa = PBXFileReference; lastKnownFileType = sourcecode.swift; path = AppDelegate.swift; sourceTree = "<group>"; };
		D701B62B1F7B470100A4AE87 /* ViewController.swift */ = {isa = PBXFileReference; lastKnownFileType = sourcecode.swift; path = ViewController.swift; sourceTree = "<group>"; };
		D701B62E1F7B470100A4AE87 /* Base */ = {isa = PBXFileReference; lastKnownFileType = file.storyboard; name = Base; path = Base.lproj/Main.storyboard; sourceTree = "<group>"; };
		D701B6301F7B470100A4AE87 /* Assets.xcassets */ = {isa = PBXFileReference; lastKnownFileType = folder.assetcatalog; path = Assets.xcassets; sourceTree = "<group>"; };
		D701B6331F7B470100A4AE87 /* Base */ = {isa = PBXFileReference; lastKnownFileType = file.storyboard; name = Base; path = Base.lproj/LaunchScreen.storyboard; sourceTree = "<group>"; };
		D701B6351F7B470100A4AE87 /* Info.plist */ = {isa = PBXFileReference; lastKnownFileType = text.plist.xml; path = Info.plist; sourceTree = "<group>"; };
/* End PBXFileReference section */

/* Begin PBXFrameworksBuildPhase section */
		D701B6231F7B470100A4AE87 /* Frameworks */ = {
			isa = PBXFrameworksBuildPhase;
			buildActionMask = 2147483647;
			files = (
			);
			runOnlyForDeploymentPostprocessing = 0;
		};
/* End PBXFrameworksBuildPhase section */

/* Begin PBXGroup section */
		D701B61D1F7B470100A4AE87 = {
			isa = PBXGroup;
			children = (
				D701B6281F7B470100A4AE87 /* noteForU */,
				D701B6271F7B470100A4AE87 /* Products */,
			);
			sourceTree = "<group>";
		};
		D701B6271F7B470100A4AE87 /* Products */ = {
			isa = PBXGroup;
			children = (
				D701B6261F7B470100A4AE87 /* noteForU.app */,
			);
			name = Products;
			sourceTree = "<group>";
		};
		D701B6281F7B470100A4AE87 /* noteForU */ = {
			isa = PBXGroup;
			children = (
				D701B6291F7B470100A4AE87 /* AppDelegate.swift */,
				D701B62B1F7B470100A4AE87 /* ViewController.swift */,
				D701B62D1F7B470100A4AE87 /* Main.storyboard */,
				D701B6301F7B470100A4AE87 /* Assets.xcassets */,
				D701B6321F7B470100A4AE87 /* LaunchScreen.storyboard */,
				D701B6351F7B470100A4AE87 /* Info.plist */,
			);
			path = noteForU;
			sourceTree = "<group>";
		};
/* End PBXGroup section */

/* Begin PBXNativeTarget section */
		D701B6251F7B470100A4AE87 /* noteForU */ = {
			isa = PBXNativeTarget;
			buildConfigurationList = D701B6381F7B470100A4AE87 /* Build configuration list for PBXNativeTarget "noteForU" */;
			buildPhases = (
				D701B6221F7B470100A4AE87 /* Sources */,
				D701B6231F7B470100A4AE87 /* Frameworks */,
				D701B6241F7B470100A4AE87 /* Resources */,
			);
			buildRules = (
			);
			dependencies = (
			);
			name = noteForU;
			productName = noteForU;
			productReference = D701B6261F7B470100A4AE87 /* noteForU.app */;
			productType = "com.apple.product-type.application";
		};
/* End PBXNativeTarget section */

/* Begin PBXProject section */
		D701B61E1F7B470100A4AE87 /* Project object */ = {
			isa = PBXProject;
			attributes = {
				LastSwiftUpdateCheck = 0900;
				LastUpgradeCheck = 0900;
				ORGANIZATIONNAME = Willy;
				TargetAttributes = {
					D701B6251F7B470100A4AE87 = {
						CreatedOnToolsVersion = 9.0;
						ProvisioningStyle = Automatic;
					};
				};
			};
			buildConfigurationList = D701B6211F7B470100A4AE87 /* Build configuration list for PBXProject "noteForU" */;
			compatibilityVersion = "Xcode 8.0";
			developmentRegion = en;
			hasScannedForEncodings = 0;
			knownRegions = (
				en,
				Base,
			);
			mainGroup = D701B61D1F7B470100A4AE87;
			productRefGroup = D701B6271F7B470100A4AE87 /* Products */;
			projectDirPath = "";
			projectRoot = "";
			targets = (
				D701B6251F7B470100A4AE87 /* noteForU */,
			);
		};
/* End PBXProject section */

/* Begin PBXResourcesBuildPhase section */
		D701B6241F7B470100A4AE87 /* Resources */ = {
			isa = PBXResourcesBuildPhase;
			buildActionMask = 2147483647;
			files = (
				D701B6341F7B470100A4AE87 /* LaunchScreen.storyboard in Resources */,
				D701B6311F7B470100A4AE87 /* Assets.xcassets in Resources */,
				D701B62F1F7B470100A4AE87 /* Main.storyboard in Resources */,
			);
			runOnlyForDeploymentPostprocessing = 0;
		};
/* End PBXResourcesBuildPhase section */

/* Begin PBXSourcesBuildPhase section */
		D701B6221F7B470100A4AE87 /* Sources */ = {
			isa = PBXSourcesBuildPhase;
			buildActionMask = 2147483647;
			files = (
				D701B62C1F7B470100A4AE87 /* ViewController.swift in Sources */,
				D701B62A1F7B470100A4AE87 /* AppDelegate.swift in Sources */,
			);
			runOnlyForDeploymentPostprocessing = 0;
		};
/* End PBXSourcesBuildPhase section */

/* Begin PBXVariantGroup section */
		D701B62D1F7B470100A4AE87 /* Main.storyboard */ = {
			isa = PBXVariantGroup;
			children = (
				D701B62E1F7B470100A4AE87 /* Base */,
			);
			name = Main.storyboard;
			sourceTree = "<group>";
		};
		D701B6321F7B470100A4AE87 /* LaunchScreen.storyboard */ = {
			isa = PBXVariantGroup;
			children = (
				D701B6331F7B470100A4AE87 /* Base */,
			);
			name = LaunchScreen.storyboard;
			sourceTree = "<group>";
		};
/* End PBXVariantGroup section */

/* Begin XCBuildConfiguration section */
		D701B6361F7B470100A4AE87 /* Debug */ = {
			isa = XCBuildConfiguration;
			buildSettings = {
				ALWAYS_SEARCH_USER_PATHS = NO;
				CLANG_ANALYZER_NONNULL = YES;
				CLANG_ANALYZER_NUMBER_OBJECT_CONVERSION = YES_AGGRESSIVE;
				CLANG_CXX_LANGUAGE_STANDARD = "gnu++14";
				CLANG_CXX_LIBRARY = "libc++";
				CLANG_ENABLE_MODULES = YES;
				CLANG_ENABLE_OBJC_ARC = YES;
				CLANG_WARN_BLOCK_CAPTURE_AUTORELEASING = YES;
				CLANG_WARN_BOOL_CONVERSION = YES;
				CLANG_WARN_COMMA = YES;
				CLANG_WARN_CONSTANT_CONVERSION = YES;
				CLANG_WARN_DIRECT_OBJC_ISA_USAGE = YES_ERROR;
				CLANG_WARN_DOCUMENTATION_COMMENTS = YES;
				CLANG_WARN_EMPTY_BODY = YES;
				CLANG_WARN_ENUM_CONVERSION = YES;
				CLANG_WARN_INFINITE_RECURSION = YES;
				CLANG_WARN_INT_CONVERSION = YES;
				CLANG_WARN_NON_LITERAL_NULL_CONVERSION = YES;
				CLANG_WARN_OBJC_LITERAL_CONVERSION = YES;
				CLANG_WARN_OBJC_ROOT_CLASS = YES_ERROR;
				CLANG_WARN_RANGE_LOOP_ANALYSIS = YES;
				CLANG_WARN_STRICT_PROTOTYPES = YES;
				CLANG_WARN_SUSPICIOUS_MOVE = YES;
				CLANG_WARN_UNGUARDED_AVAILABILITY = YES_AGGRESSIVE;
				CLANG_WARN_UNREACHABLE_CODE = YES;
				CLANG_WARN__DUPLICATE_METHOD_MATCH = YES;
				CODE_SIGN_IDENTITY = "iPhone Developer";
				COPY_PHASE_STRIP = NO;
				DEBUG_INFORMATION_FORMAT = dwarf;
				ENABLE_STRICT_OBJC_MSGSEND = YES;
				ENABLE_TESTABILITY = YES;
				GCC_C_LANGUAGE_STANDARD = gnu11;
				GCC_DYNAMIC_NO_PIC = NO;
				GCC_NO_COMMON_BLOCKS = YES;
				GCC_OPTIMIZATION_LEVEL = 0;
				GCC_PREPROCESSOR_DEFINITIONS = (
					"DEBUG=1",
					"$(inherited)",
				);
				GCC_WARN_64_TO_32_BIT_CONVERSION = YES;
				GCC_WARN_ABOUT_RETURN_TYPE = YES_ERROR;
				GCC_WARN_UNDECLARED_SELECTOR = YES;
				GCC_WARN_UNINITIALIZED_AUTOS = YES_AGGRESSIVE;
				GCC_WARN_UNUSED_FUNCTION = YES;
				GCC_WARN_UNUSED_VARIABLE = YES;
				IPHONEOS_DEPLOYMENT_TARGET = 11.0;
				MTL_ENABLE_DEBUG_INFO = YES;
				ONLY_ACTIVE_ARCH = YES;
				SDKROOT = iphoneos;
				SWIFT_ACTIVE_COMPILATION_CONDITIONS = DEBUG;
				SWIFT_OPTIMIZATION_LEVEL = "-Onone";
			};
			name = Debug;
		};
		D701B6371F7B470100A4AE87 /* Release */ = {
			isa = XCBuildConfiguration;
			buildSettings = {
				ALWAYS_SEARCH_USER_PATHS = NO;
				CLANG_ANALYZER_NONNULL = YES;
				CLANG_ANALYZER_NUMBER_OBJECT_CONVERSION = YES_AGGRESSIVE;
				CLANG_CXX_LANGUAGE_STANDARD = "gnu++14";
				CLANG_CXX_LIBRARY = "libc++";
				CLANG_ENABLE_MODULES = YES;
				CLANG_ENABLE_OBJC_ARC = YES;
				CLANG_WARN_BLOCK_CAPTURE_AUTORELEASING = YES;
				CLANG_WARN_BOOL_CONVERSION = YES;
				CLANG_WARN_COMMA = YES;
				CLANG_WARN_CONSTANT_CONVERSION = YES;
				CLANG_WARN_DIRECT_OBJC_ISA_USAGE = YES_ERROR;
				CLANG_WARN_DOCUMENTATION_COMMENTS = YES;
				CLANG_WARN_EMPTY_BODY = YES;
				CLANG_WARN_ENUM_CONVERSION = YES;
				CLANG_WARN_INFINITE_RECURSION = YES;
				CLANG_WARN_INT_CONVERSION = YES;
				CLANG_WARN_NON_LITERAL_NULL_CONVERSION = YES;
				CLANG_WARN_OBJC_LITERAL_CONVERSION = YES;
				CLANG_WARN_OBJC_ROOT_CLASS = YES_ERROR;
				CLANG_WARN_RANGE_LOOP_ANALYSIS = YES;
				CLANG_WARN_STRICT_PROTOTYPES = YES;
				CLANG_WARN_SUSPICIOUS_MOVE = YES;
				CLANG_WARN_UNGUARDED_AVAILABILITY = YES_AGGRESSIVE;
				CLANG_WARN_UNREACHABLE_CODE = YES;
				CLANG_WARN__DUPLICATE_METHOD_MATCH = YES;
				CODE_SIGN_IDENTITY = "iPhone Developer";
				COPY_PHASE_STRIP = NO;
				DEBUG_INFORMATION_FORMAT = "dwarf-with-dsym";
				ENABLE_NS_ASSERTIONS = NO;
				ENABLE_STRICT_OBJC_MSGSEND = YES;
				GCC_C_LANGUAGE_STANDARD = gnu11;
				GCC_NO_COMMON_BLOCKS = YES;
				GCC_WARN_64_TO_32_BIT_CONVERSION = YES;
				GCC_WARN_ABOUT_RETURN_TYPE = YES_ERROR;
				GCC_WARN_UNDECLARED_SELECTOR = YES;
				GCC_WARN_UNINITIALIZED_AUTOS = YES_AGGRESSIVE;
				GCC_WARN_UNUSED_FUNCTION = YES;
				GCC_WARN_UNUSED_VARIABLE = YES;
				IPHONEOS_DEPLOYMENT_TARGET = 11.0;
				MTL_ENABLE_DEBUG_INFO = NO;
				SDKROOT = iphoneos;
				SWIFT_OPTIMIZATION_LEVEL = "-Owholemodule";
				VALIDATE_PRODUCT = YES;
			};
			name = Release;
		};
		D701B6391F7B470100A4AE87 /* Debug */ = {
			isa = XCBuildConfiguration;
			buildSettings = {
				ASSETCATALOG_COMPILER_APPICON_NAME = AppIcon;
				CODE_SIGN_STYLE = Automatic;
				DEVELOPMENT_TEAM = XM7PE2ATP2;
				INFOPLIST_FILE = noteForU/Info.plist;
				LD_RUNPATH_SEARCH_PATHS = "$(inherited) @executable_path/Frameworks";
				PRODUCT_BUNDLE_IDENTIFIER = com.willy.noteForU;
				PRODUCT_NAME = "$(TARGET_NAME)";
				SWIFT_VERSION = 4.0;
				TARGETED_DEVICE_FAMILY = "1,2";
			};
			name = Debug;
		};
		D701B63A1F7B470100A4AE87 /* Release */ = {
			isa = XCBuildConfiguration;
			buildSettings = {
				ASSETCATALOG_COMPILER_APPICON_NAME = AppIcon;
				CODE_SIGN_STYLE = Automatic;
				DEVELOPMENT_TEAM = XM7PE2ATP2;
				INFOPLIST_FILE = noteForU/Info.plist;
				LD_RUNPATH_SEARCH_PATHS = "$(inherited) @executable_path/Frameworks";
				PRODUCT_BUNDLE_IDENTIFIER = com.willy.noteForU;
				PRODUCT_NAME = "$(TARGET_NAME)";
				SWIFT_VERSION = 4.0;
				TARGETED_DEVICE_FAMILY = "1,2";
			};
			name = Release;
		};
/* End XCBuildConfiguration section */

/* Begin XCConfigurationList section */
		D701B6211F7B470100A4AE87 /* Build configuration list for PBXProject "noteForU" */ = {
			isa = XCConfigurationList;
			buildConfigurations = (
				D701B6361F7B470100A4AE87 /* Debug */,
				D701B6371F7B470100A4AE87 /* Release */,
			);
			defaultConfigurationIsVisible = 0;
			defaultConfigurationName = Release;
		};
		D701B6381F7B470100A4AE87 /* Build configuration list for PBXNativeTarget "noteForU" */ = {
			isa = XCConfigurationList;
			buildConfigurations = (
				D701B6391F7B470100A4AE87 /* Debug */,
				D701B63A1F7B470100A4AE87 /* Release */,
			);
			defaultConfigurationIsVisible = 0;
			defaultConfigurationName = Release;
		};
/* End XCConfigurationList section */
	};
	rootObject = D701B61E1F7B470100A4AE87 /* Project object */;
}
