// !$*UTF8*$!
{
	archiveVersion = 1;
	classes = {
	};
	objectVersion = 48;
	objects = {

/* Begin PBXBuildFile section */
		D701B62A1F7B470100A4AE87 /* AppDelegate.swift in Sources */ = {isa = PBXBuildFile; fileRef = D701B6291F7B470100A4AE87 /* AppDelegate.swift */; };
		D701B62C1F7B470100A4AE87 /* ViewController.swift in Sources */ = {isa = PBXBuildFile; fileRef = D701B62B1F7B470100A4AE87 /* ViewController.swift */; };
		D701B62F1F7B470100A4AE87 /* Main.storyboard in Resources */ = {isa = PBXBuildFile; fileRef = D701B62D1F7B470100A4AE87 /* Main.storyboard */; };
		D701B6341F7B470100A4AE87 /* LaunchScreen.storyboard in Resources */ = {isa = PBXBuildFile; fileRef = D701B6321F7B470100A4AE87 /* LaunchScreen.storyboard */; };
		D701B65C1F7B51D900A4AE87 /* MyCollectionViewCell.swift in Sources */ = {isa = PBXBuildFile; fileRef = D701B65B1F7B51D900A4AE87 /* MyCollectionViewCell.swift */; };
		D70C9ABD1FA04F3700580A49 /* GoogleService-Info.plist in Resources */ = {isa = PBXBuildFile; fileRef = D70C9ABC1FA04F3700580A49 /* GoogleService-Info.plist */; };
		D70C9AC31FA058D000580A49 /* googleSign.png in Resources */ = {isa = PBXBuildFile; fileRef = D70C9AC21FA058CF00580A49 /* googleSign.png */; };
		D70C9AC51FA05D1F00580A49 /* loginfacebook.png in Resources */ = {isa = PBXBuildFile; fileRef = D70C9AC41FA05D1F00580A49 /* loginfacebook.png */; };
		D7303CEF1F824CAF0052717E /* SWRevealViewController.m in Sources */ = {isa = PBXBuildFile; fileRef = D7303CED1F824CAF0052717E /* SWRevealViewController.m */; };
		D7303CF21F824D370052717E /* MenuTableViewController.swift in Sources */ = {isa = PBXBuildFile; fileRef = D7303CF01F824D370052717E /* MenuTableViewController.swift */; };
		D7303CF31F824D370052717E /* ContainerViewController.swift in Sources */ = {isa = PBXBuildFile; fileRef = D7303CF11F824D370052717E /* ContainerViewController.swift */; };
		D7303CFA1F8253040052717E /* GestureRecognizer.swift in Sources */ = {isa = PBXBuildFile; fileRef = D7303CF91F8253040052717E /* GestureRecognizer.swift */; };
		D7303CFC1F8254230052717E /* Color.swift in Sources */ = {isa = PBXBuildFile; fileRef = D7303CFB1F8254230052717E /* Color.swift */; };
		D7303D011F82576F0052717E /* UINavigationController+Transparent+UIBarButtonItem.swift in Sources */ = {isa = PBXBuildFile; fileRef = D7303D001F82576F0052717E /* UINavigationController+Transparent+UIBarButtonItem.swift */; };
		D7303D031F8320720052717E /* delete.png in Resources */ = {isa = PBXBuildFile; fileRef = D7303D021F83206F0052717E /* delete.png */; };
		D749B6891F944AAA00BBCA7A /* FirebaseWorks.swift in Sources */ = {isa = PBXBuildFile; fileRef = D749B6881F944AAA00BBCA7A /* FirebaseWorks.swift */; };
		D749B68B1F944B2200BBCA7A /* AlertSetting.swift in Sources */ = {isa = PBXBuildFile; fileRef = D749B68A1F944B2200BBCA7A /* AlertSetting.swift */; };
		D74A6BF91F8617F900335E7E /* PaperViewController + IMGresize.swift in Sources */ = {isa = PBXBuildFile; fileRef = D74A6BF81F8617F900335E7E /* PaperViewController + IMGresize.swift */; };
		D74A6BFB1F861ED100335E7E /* DisplayPaperVC+Keyboard.swift in Sources */ = {isa = PBXBuildFile; fileRef = D74A6BFA1F861ED100335E7E /* DisplayPaperVC+Keyboard.swift */; };
		D74A6BFD1F861F2600335E7E /* DisplayPaperVC+IMGresize.swift in Sources */ = {isa = PBXBuildFile; fileRef = D74A6BFC1F861F2600335E7E /* DisplayPaperVC+IMGresize.swift */; };
		D781357C1F833E320001BB7F /* Keyboard.swift in Sources */ = {isa = PBXBuildFile; fileRef = D781357B1F833E320001BB7F /* Keyboard.swift */; };
		D78135801F8341360001BB7F /* keyboard.png in Resources */ = {isa = PBXBuildFile; fileRef = D781357E1F8341320001BB7F /* keyboard.png */; };
		D78135811F8341380001BB7F /* photo.png in Resources */ = {isa = PBXBuildFile; fileRef = D781357F1F8341320001BB7F /* photo.png */; };
		D784D3881F94460000E72FC0 /* SignInViewController.swift in Sources */ = {isa = PBXBuildFile; fileRef = D784D3871F94460000E72FC0 /* SignInViewController.swift */; };
		D79100EC1FA07D2400B16923 /* userDefaultImage .png in Resources */ = {isa = PBXBuildFile; fileRef = D79100EB1FA07D2400B16923 /* userDefaultImage .png */; };
		D7BAF6D91F7DE07900898BBA /* HiViewController.swift in Sources */ = {isa = PBXBuildFile; fileRef = D7BAF6D81F7DE07900898BBA /* HiViewController.swift */; };
		D7BAF6FE1F7E2FB600898BBA /* PaperViewController.swift in Sources */ = {isa = PBXBuildFile; fileRef = D7BAF6FD1F7E2FB600898BBA /* PaperViewController.swift */; };
		D7D267C21F8326F700829B43 /* Assets.xcassets in Resources */ = {isa = PBXBuildFile; fileRef = D701B6301F7B470100A4AE87 /* Assets.xcassets */; };
		D7D267C61F8330C400829B43 /* DataModel.xcdatamodeld in Sources */ = {isa = PBXBuildFile; fileRef = D7D267C31F832CC700829B43 /* DataModel.xcdatamodeld */; };
		D7D267C71F83311000829B43 /* colorplate.png in Resources */ = {isa = PBXBuildFile; fileRef = D7303D071F8323B70052717E /* colorplate.png */; };
		D7D267CA1F83319800829B43 /* UsersManager.swift in Sources */ = {isa = PBXBuildFile; fileRef = D7D267C81F83319800829B43 /* UsersManager.swift */; };
		D7D267CB1F83319800829B43 /* CoreDataManager.swift in Sources */ = {isa = PBXBuildFile; fileRef = D7D267C91F83319800829B43 /* CoreDataManager.swift */; };
		D7D267CE1F8334D200829B43 /* GlobalVariables.swift in Sources */ = {isa = PBXBuildFile; fileRef = D7D267CD1F8334D200829B43 /* GlobalVariables.swift */; };
		D7D267D01F83358900829B43 /* InfoManager.swift in Sources */ = {isa = PBXBuildFile; fileRef = D7D267CF1F83358900829B43 /* InfoManager.swift */; };
		D7EAC6871F85D42B00413D5F /* DisplayPaperViewController.swift in Sources */ = {isa = PBXBuildFile; fileRef = D7EAC6861F85D42B00413D5F /* DisplayPaperViewController.swift */; };
		D7ECC6261F7D14A500C558CE /* TableViewController.swift in Sources */ = {isa = PBXBuildFile; fileRef = D7ECC6251F7D14A500C558CE /* TableViewController.swift */; };
		D7ECC6281F7D14C300C558CE /* MyTableViewCell.swift in Sources */ = {isa = PBXBuildFile; fileRef = D7ECC6271F7D14C300C558CE /* MyTableViewCell.swift */; };
		FCF0824B54514269F2C09A52 /* Pods_noteForU.framework in Frameworks */ = {isa = PBXBuildFile; fileRef = 9330EB013BE9C7EA94F1FC1A /* Pods_noteForU.framework */; };
/* End PBXBuildFile section */

/* Begin PBXFileReference section */
		3997347169FF783B9987ADB6 /* Pods-noteForU.debug.xcconfig */ = {isa = PBXFileReference; includeInIndex = 1; lastKnownFileType = text.xcconfig; name = "Pods-noteForU.debug.xcconfig"; path = "Pods/Target Support Files/Pods-noteForU/Pods-noteForU.debug.xcconfig"; sourceTree = "<group>"; };
		9330EB013BE9C7EA94F1FC1A /* Pods_noteForU.framework */ = {isa = PBXFileReference; explicitFileType = wrapper.framework; includeInIndex = 0; path = Pods_noteForU.framework; sourceTree = BUILT_PRODUCTS_DIR; };
		D701B6261F7B470100A4AE87 /* noteForU.app */ = {isa = PBXFileReference; explicitFileType = wrapper.application; includeInIndex = 0; path = noteForU.app; sourceTree = BUILT_PRODUCTS_DIR; };
		D701B6291F7B470100A4AE87 /* AppDelegate.swift */ = {isa = PBXFileReference; lastKnownFileType = sourcecode.swift; path = AppDelegate.swift; sourceTree = "<group>"; };
		D701B62B1F7B470100A4AE87 /* ViewController.swift */ = {isa = PBXFileReference; lastKnownFileType = sourcecode.swift; path = ViewController.swift; sourceTree = "<group>"; };
		D701B62E1F7B470100A4AE87 /* Base */ = {isa = PBXFileReference; lastKnownFileType = file.storyboard; name = Base; path = Base.lproj/Main.storyboard; sourceTree = "<group>"; };
		D701B6301F7B470100A4AE87 /* Assets.xcassets */ = {isa = PBXFileReference; lastKnownFileType = folder.assetcatalog; path = Assets.xcassets; sourceTree = "<group>"; };
		D701B6331F7B470100A4AE87 /* Base */ = {isa = PBXFileReference; lastKnownFileType = file.storyboard; name = Base; path = Base.lproj/LaunchScreen.storyboard; sourceTree = "<group>"; };
		D701B6351F7B470100A4AE87 /* Info.plist */ = {isa = PBXFileReference; lastKnownFileType = text.plist.xml; path = Info.plist; sourceTree = "<group>"; };
		D701B65B1F7B51D900A4AE87 /* MyCollectionViewCell.swift */ = {isa = PBXFileReference; lastKnownFileType = sourcecode.swift; path = MyCollectionViewCell.swift; sourceTree = "<group>"; };
		D70C9ABC1FA04F3700580A49 /* GoogleService-Info.plist */ = {isa = PBXFileReference; fileEncoding = 4; lastKnownFileType = text.plist.xml; path = "GoogleService-Info.plist"; sourceTree = "<group>"; };
		D70C9AC21FA058CF00580A49 /* googleSign.png */ = {isa = PBXFileReference; lastKnownFileType = image.png; path = googleSign.png; sourceTree = "<group>"; };
		D70C9AC41FA05D1F00580A49 /* loginfacebook.png */ = {isa = PBXFileReference; lastKnownFileType = image.png; path = loginfacebook.png; sourceTree = "<group>"; };
		D7303CEC1F824CAE0052717E /* noteForU-Bridging-Header.h */ = {isa = PBXFileReference; lastKnownFileType = sourcecode.c.h; path = "noteForU-Bridging-Header.h"; sourceTree = "<group>"; };
		D7303CED1F824CAF0052717E /* SWRevealViewController.m */ = {isa = PBXFileReference; lastKnownFileType = sourcecode.c.objc; path = SWRevealViewController.m; sourceTree = "<group>"; };
		D7303CEE1F824CAF0052717E /* SWRevealViewController.h */ = {isa = PBXFileReference; lastKnownFileType = sourcecode.c.h; path = SWRevealViewController.h; sourceTree = "<group>"; };
		D7303CF01F824D370052717E /* MenuTableViewController.swift */ = {isa = PBXFileReference; lastKnownFileType = sourcecode.swift; path = MenuTableViewController.swift; sourceTree = "<group>"; };
		D7303CF11F824D370052717E /* ContainerViewController.swift */ = {isa = PBXFileReference; lastKnownFileType = sourcecode.swift; path = ContainerViewController.swift; sourceTree = "<group>"; };
		D7303CF91F8253040052717E /* GestureRecognizer.swift */ = {isa = PBXFileReference; lastKnownFileType = sourcecode.swift; path = GestureRecognizer.swift; sourceTree = "<group>"; };
		D7303CFB1F8254230052717E /* Color.swift */ = {isa = PBXFileReference; lastKnownFileType = sourcecode.swift; path = Color.swift; sourceTree = "<group>"; };
		D7303D001F82576F0052717E /* UINavigationController+Transparent+UIBarButtonItem.swift */ = {isa = PBXFileReference; lastKnownFileType = sourcecode.swift; path = "UINavigationController+Transparent+UIBarButtonItem.swift"; sourceTree = "<group>"; };
		D7303D021F83206F0052717E /* delete.png */ = {isa = PBXFileReference; lastKnownFileType = image.png; path = delete.png; sourceTree = "<group>"; };
		D7303D071F8323B70052717E /* colorplate.png */ = {isa = PBXFileReference; lastKnownFileType = image.png; path = colorplate.png; sourceTree = "<group>"; };
		D749B6881F944AAA00BBCA7A /* FirebaseWorks.swift */ = {isa = PBXFileReference; lastKnownFileType = sourcecode.swift; path = FirebaseWorks.swift; sourceTree = "<group>"; };
		D749B68A1F944B2200BBCA7A /* AlertSetting.swift */ = {isa = PBXFileReference; lastKnownFileType = sourcecode.swift; path = AlertSetting.swift; sourceTree = "<group>"; };
		D74A6BF81F8617F900335E7E /* PaperViewController + IMGresize.swift */ = {isa = PBXFileReference; lastKnownFileType = sourcecode.swift; path = "PaperViewController + IMGresize.swift"; sourceTree = "<group>"; };
		D74A6BFA1F861ED100335E7E /* DisplayPaperVC+Keyboard.swift */ = {isa = PBXFileReference; lastKnownFileType = sourcecode.swift; path = "DisplayPaperVC+Keyboard.swift"; sourceTree = "<group>"; };
		D74A6BFC1F861F2600335E7E /* DisplayPaperVC+IMGresize.swift */ = {isa = PBXFileReference; lastKnownFileType = sourcecode.swift; path = "DisplayPaperVC+IMGresize.swift"; sourceTree = "<group>"; };
		D781357B1F833E320001BB7F /* Keyboard.swift */ = {isa = PBXFileReference; lastKnownFileType = sourcecode.swift; path = Keyboard.swift; sourceTree = "<group>"; };
		D781357E1F8341320001BB7F /* keyboard.png */ = {isa = PBXFileReference; lastKnownFileType = image.png; path = keyboard.png; sourceTree = "<group>"; };
		D781357F1F8341320001BB7F /* photo.png */ = {isa = PBXFileReference; lastKnownFileType = image.png; path = photo.png; sourceTree = "<group>"; };
		D784D3871F94460000E72FC0 /* SignInViewController.swift */ = {isa = PBXFileReference; lastKnownFileType = sourcecode.swift; path = SignInViewController.swift; sourceTree = "<group>"; };
		D79100EB1FA07D2400B16923 /* userDefaultImage .png */ = {isa = PBXFileReference; lastKnownFileType = image.png; path = "userDefaultImage .png"; sourceTree = "<group>"; };
		D7BAF6D81F7DE07900898BBA /* HiViewController.swift */ = {isa = PBXFileReference; lastKnownFileType = sourcecode.swift; path = HiViewController.swift; sourceTree = "<group>"; };
		D7BAF6FD1F7E2FB600898BBA /* PaperViewController.swift */ = {isa = PBXFileReference; lastKnownFileType = sourcecode.swift; path = PaperViewController.swift; sourceTree = "<group>"; };
		D7D267C41F832CC700829B43 /* DataModel.xcdatamodel */ = {isa = PBXFileReference; lastKnownFileType = wrapper.xcdatamodel; path = DataModel.xcdatamodel; sourceTree = "<group>"; };
		D7D267C81F83319800829B43 /* UsersManager.swift */ = {isa = PBXFileReference; lastKnownFileType = sourcecode.swift; path = UsersManager.swift; sourceTree = "<group>"; };
		D7D267C91F83319800829B43 /* CoreDataManager.swift */ = {isa = PBXFileReference; lastKnownFileType = sourcecode.swift; path = CoreDataManager.swift; sourceTree = "<group>"; };
		D7D267CD1F8334D200829B43 /* GlobalVariables.swift */ = {isa = PBXFileReference; lastKnownFileType = sourcecode.swift; path = GlobalVariables.swift; sourceTree = "<group>"; };
		D7D267CF1F83358900829B43 /* InfoManager.swift */ = {isa = PBXFileReference; lastKnownFileType = sourcecode.swift; path = InfoManager.swift; sourceTree = "<group>"; };
		D7EAC6861F85D42B00413D5F /* DisplayPaperViewController.swift */ = {isa = PBXFileReference; lastKnownFileType = sourcecode.swift; path = DisplayPaperViewController.swift; sourceTree = "<group>"; };
		D7ECC6251F7D14A500C558CE /* TableViewController.swift */ = {isa = PBXFileReference; lastKnownFileType = sourcecode.swift; path = TableViewController.swift; sourceTree = "<group>"; };
		D7ECC6271F7D14C300C558CE /* MyTableViewCell.swift */ = {isa = PBXFileReference; lastKnownFileType = sourcecode.swift; path = MyTableViewCell.swift; sourceTree = "<group>"; };
		E174C2DDDADE24E33B9F6DB3 /* Pods-noteForU.release.xcconfig */ = {isa = PBXFileReference; includeInIndex = 1; lastKnownFileType = text.xcconfig; name = "Pods-noteForU.release.xcconfig"; path = "Pods/Target Support Files/Pods-noteForU/Pods-noteForU.release.xcconfig"; sourceTree = "<group>"; };
/* End PBXFileReference section */

/* Begin PBXFrameworksBuildPhase section */
		D701B6231F7B470100A4AE87 /* Frameworks */ = {
			isa = PBXFrameworksBuildPhase;
			buildActionMask = 2147483647;
			files = (
				FCF0824B54514269F2C09A52 /* Pods_noteForU.framework in Frameworks */,
			);
			runOnlyForDeploymentPostprocessing = 0;
		};
/* End PBXFrameworksBuildPhase section */

/* Begin PBXGroup section */
		29BE2644D5884CE81ED78270 /* Frameworks */ = {
			isa = PBXGroup;
			children = (
				9330EB013BE9C7EA94F1FC1A /* Pods_noteForU.framework */,
			);
			name = Frameworks;
			sourceTree = "<group>";
		};
		A2ED0D8E435790A4A6AA4F5B /* Pods */ = {
			isa = PBXGroup;
			children = (
				3997347169FF783B9987ADB6 /* Pods-noteForU.debug.xcconfig */,
				E174C2DDDADE24E33B9F6DB3 /* Pods-noteForU.release.xcconfig */,
			);
			name = Pods;
			sourceTree = "<group>";
		};
		D701B61D1F7B470100A4AE87 = {
			isa = PBXGroup;
			children = (
				D701B6281F7B470100A4AE87 /* noteForU */,
				D701B6271F7B470100A4AE87 /* Products */,
				A2ED0D8E435790A4A6AA4F5B /* Pods */,
				29BE2644D5884CE81ED78270 /* Frameworks */,
			);
			sourceTree = "<group>";
		};
		D701B6271F7B470100A4AE87 /* Products */ = {
			isa = PBXGroup;
			children = (
				D701B6261F7B470100A4AE87 /* noteForU.app */,
			);
			name = Products;
			sourceTree = "<group>";
		};
		D701B6281F7B470100A4AE87 /* noteForU */ = {
			isa = PBXGroup;
			children = (
				D701B6291F7B470100A4AE87 /* AppDelegate.swift */,
				D7303CFE1F8254340052717E /* VC */,
				D7D267CC1F8331A000829B43 /* Data */,
				D7303CF41F824D3E0052717E /* SW */,
				D701B6301F7B470100A4AE87 /* Assets.xcassets */,
				D781357D1F8341260001BB7F /* Img */,
				D7303CFD1F82542A0052717E /* Method */,
				D701B62D1F7B470100A4AE87 /* Main.storyboard */,
				D701B6321F7B470100A4AE87 /* LaunchScreen.storyboard */,
				D701B6351F7B470100A4AE87 /* Info.plist */,
				D70C9ABC1FA04F3700580A49 /* GoogleService-Info.plist */,
				D7303CEC1F824CAE0052717E /* noteForU-Bridging-Header.h */,
				D7D267C31F832CC700829B43 /* DataModel.xcdatamodeld */,
			);
			path = noteForU;
			sourceTree = "<group>";
		};
		D7303CF41F824D3E0052717E /* SW */ = {
			isa = PBXGroup;
			children = (
				D7303CEE1F824CAF0052717E /* SWRevealViewController.h */,
				D7303CED1F824CAF0052717E /* SWRevealViewController.m */,
			);
			path = SW;
			sourceTree = "<group>";
		};
		D7303CFD1F82542A0052717E /* Method */ = {
			isa = PBXGroup;
			children = (
				D749B6881F944AAA00BBCA7A /* FirebaseWorks.swift */,
				D749B68A1F944B2200BBCA7A /* AlertSetting.swift */,
				D7303D001F82576F0052717E /* UINavigationController+Transparent+UIBarButtonItem.swift */,
				D7303CF91F8253040052717E /* GestureRecognizer.swift */,
				D7303CFB1F8254230052717E /* Color.swift */,
				D781357B1F833E320001BB7F /* Keyboard.swift */,
				D74A6BFA1F861ED100335E7E /* DisplayPaperVC+Keyboard.swift */,
				D74A6BF81F8617F900335E7E /* PaperViewController + IMGresize.swift */,
				D74A6BFC1F861F2600335E7E /* DisplayPaperVC+IMGresize.swift */,
			);
			path = Method;
			sourceTree = "<group>";
		};
		D7303CFE1F8254340052717E /* VC */ = {
			isa = PBXGroup;
			children = (
				D7303CFF1F82544F0052717E /* Menu */,
				D784D3871F94460000E72FC0 /* SignInViewController.swift */,
				D701B62B1F7B470100A4AE87 /* ViewController.swift */,
				D701B65B1F7B51D900A4AE87 /* MyCollectionViewCell.swift */,
				D7ECC6251F7D14A500C558CE /* TableViewController.swift */,
				D7ECC6271F7D14C300C558CE /* MyTableViewCell.swift */,
				D7BAF6FD1F7E2FB600898BBA /* PaperViewController.swift */,
				D7EAC6861F85D42B00413D5F /* DisplayPaperViewController.swift */,
				D7BAF6D81F7DE07900898BBA /* HiViewController.swift */,
			);
			path = VC;
			sourceTree = "<group>";
		};
		D7303CFF1F82544F0052717E /* Menu */ = {
			isa = PBXGroup;
			children = (
				D7303CF11F824D370052717E /* ContainerViewController.swift */,
				D7303CF01F824D370052717E /* MenuTableViewController.swift */,
			);
			path = Menu;
			sourceTree = "<group>";
		};
		D781357D1F8341260001BB7F /* Img */ = {
			isa = PBXGroup;
			children = (
				D79100EB1FA07D2400B16923 /* userDefaultImage .png */,
				D70C9AC41FA05D1F00580A49 /* loginfacebook.png */,
				D70C9AC21FA058CF00580A49 /* googleSign.png */,
				D781357E1F8341320001BB7F /* keyboard.png */,
				D781357F1F8341320001BB7F /* photo.png */,
				D7303D021F83206F0052717E /* delete.png */,
				D7303D071F8323B70052717E /* colorplate.png */,
			);
			path = Img;
			sourceTree = "<group>";
		};
		D7D267CC1F8331A000829B43 /* Data */ = {
			isa = PBXGroup;
			children = (
				D7D267CD1F8334D200829B43 /* GlobalVariables.swift */,
				D7D267C91F83319800829B43 /* CoreDataManager.swift */,
				D7D267C81F83319800829B43 /* UsersManager.swift */,
				D7D267CF1F83358900829B43 /* InfoManager.swift */,
			);
			path = Data;
			sourceTree = "<group>";
		};
/* End PBXGroup section */

/* Begin PBXNativeTarget section */
		D701B6251F7B470100A4AE87 /* noteForU */ = {
			isa = PBXNativeTarget;
			buildConfigurationList = D701B6381F7B470100A4AE87 /* Build configuration list for PBXNativeTarget "noteForU" */;
			buildPhases = (
				A86194FC230FE7203E1F3631 /* [CP] Check Pods Manifest.lock */,
				D701B6221F7B470100A4AE87 /* Sources */,
				D701B6231F7B470100A4AE87 /* Frameworks */,
				D701B6241F7B470100A4AE87 /* Resources */,
				DB75F7A56D45673381422B32 /* [CP] Embed Pods Frameworks */,
				4971514412FE78854DD387DF /* [CP] Copy Pods Resources */,
			);
			buildRules = (
			);
			dependencies = (
			);
			name = noteForU;
			productName = noteForU;
			productReference = D701B6261F7B470100A4AE87 /* noteForU.app */;
			productType = "com.apple.product-type.application";
		};
/* End PBXNativeTarget section */

/* Begin PBXProject section */
		D701B61E1F7B470100A4AE87 /* Project object */ = {
			isa = PBXProject;
			attributes = {
				LastSwiftUpdateCheck = 0900;
				LastUpgradeCheck = 0900;
				ORGANIZATIONNAME = Willy;
				TargetAttributes = {
					D701B6251F7B470100A4AE87 = {
						CreatedOnToolsVersion = 9.0;
						LastSwiftMigration = 0900;
						ProvisioningStyle = Automatic;
					};
				};
			};
			buildConfigurationList = D701B6211F7B470100A4AE87 /* Build configuration list for PBXProject "noteForU" */;
			compatibilityVersion = "Xcode 8.0";
			developmentRegion = en;
			hasScannedForEncodings = 0;
			knownRegions = (
				en,
				Base,
			);
			mainGroup = D701B61D1F7B470100A4AE87;
			productRefGroup = D701B6271F7B470100A4AE87 /* Products */;
			projectDirPath = "";
			projectRoot = "";
			targets = (
				D701B6251F7B470100A4AE87 /* noteForU */,
			);
		};
/* End PBXProject section */

/* Begin PBXResourcesBuildPhase section */
		D701B6241F7B470100A4AE87 /* Resources */ = {
			isa = PBXResourcesBuildPhase;
			buildActionMask = 2147483647;
			files = (
				D78135811F8341380001BB7F /* photo.png in Resources */,
				D70C9ABD1FA04F3700580A49 /* GoogleService-Info.plist in Resources */,
				D79100EC1FA07D2400B16923 /* userDefaultImage .png in Resources */,
				D7303D031F8320720052717E /* delete.png in Resources */,
				D7D267C71F83311000829B43 /* colorplate.png in Resources */,
				D78135801F8341360001BB7F /* keyboard.png in Resources */,
				D70C9AC51FA05D1F00580A49 /* loginfacebook.png in Resources */,
				D701B6341F7B470100A4AE87 /* LaunchScreen.storyboard in Resources */,
				D7D267C21F8326F700829B43 /* Assets.xcassets in Resources */,
				D701B62F1F7B470100A4AE87 /* Main.storyboard in Resources */,
				D70C9AC31FA058D000580A49 /* googleSign.png in Resources */,
			);
			runOnlyForDeploymentPostprocessing = 0;
		};
/* End PBXResourcesBuildPhase section */

/* Begin PBXShellScriptBuildPhase section */
		4971514412FE78854DD387DF /* [CP] Copy Pods Resources */ = {
			isa = PBXShellScriptBuildPhase;
			buildActionMask = 2147483647;
			files = (
			);
			inputPaths = (
			);
			name = "[CP] Copy Pods Resources";
			outputPaths = (
			);
			runOnlyForDeploymentPostprocessing = 0;
			shellPath = /bin/sh;
			shellScript = "\"${SRCROOT}/Pods/Target Support Files/Pods-noteForU/Pods-noteForU-resources.sh\"\n";
			showEnvVarsInLog = 0;
		};
		A86194FC230FE7203E1F3631 /* [CP] Check Pods Manifest.lock */ = {
			isa = PBXShellScriptBuildPhase;
			buildActionMask = 2147483647;
			files = (
			);
			inputPaths = (
			);
			name = "[CP] Check Pods Manifest.lock";
			outputPaths = (
			);
			runOnlyForDeploymentPostprocessing = 0;
			shellPath = /bin/sh;
			shellScript = "diff \"${PODS_ROOT}/../Podfile.lock\" \"${PODS_ROOT}/Manifest.lock\" > /dev/null\nif [ $? != 0 ] ; then\n    # print error to STDERR\n    echo \"error: The sandbox is not in sync with the Podfile.lock. Run 'pod install' or update your CocoaPods installation.\" >&2\n    exit 1\nfi\n";
			showEnvVarsInLog = 0;
		};
		DB75F7A56D45673381422B32 /* [CP] Embed Pods Frameworks */ = {
			isa = PBXShellScriptBuildPhase;
			buildActionMask = 2147483647;
			files = (
			);
			inputPaths = (
			);
			name = "[CP] Embed Pods Frameworks";
			outputPaths = (
			);
			runOnlyForDeploymentPostprocessing = 0;
			shellPath = /bin/sh;
			shellScript = "\"${SRCROOT}/Pods/Target Support Files/Pods-noteForU/Pods-noteForU-frameworks.sh\"\n";
			showEnvVarsInLog = 0;
		};
/* End PBXShellScriptBuildPhase section */

/* Begin PBXSourcesBuildPhase section */
		D701B6221F7B470100A4AE87 /* Sources */ = {
			isa = PBXSourcesBuildPhase;
			buildActionMask = 2147483647;
			files = (
				D7D267CA1F83319800829B43 /* UsersManager.swift in Sources */,
				D701B62C1F7B470100A4AE87 /* ViewController.swift in Sources */,
				D74A6BFD1F861F2600335E7E /* DisplayPaperVC+IMGresize.swift in Sources */,
				D701B62A1F7B470100A4AE87 /* AppDelegate.swift in Sources */,
				D7303CF31F824D370052717E /* ContainerViewController.swift in Sources */,
				D7D267C61F8330C400829B43 /* DataModel.xcdatamodeld in Sources */,
				D7303D011F82576F0052717E /* UINavigationController+Transparent+UIBarButtonItem.swift in Sources */,
				D701B65C1F7B51D900A4AE87 /* MyCollectionViewCell.swift in Sources */,
				D749B6891F944AAA00BBCA7A /* FirebaseWorks.swift in Sources */,
				D7303CEF1F824CAF0052717E /* SWRevealViewController.m in Sources */,
				D7303CFC1F8254230052717E /* Color.swift in Sources */,
				D781357C1F833E320001BB7F /* Keyboard.swift in Sources */,
				D7BAF6D91F7DE07900898BBA /* HiViewController.swift in Sources */,
				D7303CF21F824D370052717E /* MenuTableViewController.swift in Sources */,
				D7EAC6871F85D42B00413D5F /* DisplayPaperViewController.swift in Sources */,
				D7303CFA1F8253040052717E /* GestureRecognizer.swift in Sources */,
				D74A6BF91F8617F900335E7E /* PaperViewController + IMGresize.swift in Sources */,
				D74A6BFB1F861ED100335E7E /* DisplayPaperVC+Keyboard.swift in Sources */,
				D7ECC6281F7D14C300C558CE /* MyTableViewCell.swift in Sources */,
				D7BAF6FE1F7E2FB600898BBA /* PaperViewController.swift in Sources */,
				D7D267CB1F83319800829B43 /* CoreDataManager.swift in Sources */,
				D784D3881F94460000E72FC0 /* SignInViewController.swift in Sources */,
				D7ECC6261F7D14A500C558CE /* TableViewController.swift in Sources */,
				D7D267CE1F8334D200829B43 /* GlobalVariables.swift in Sources */,
				D7D267D01F83358900829B43 /* InfoManager.swift in Sources */,
				D749B68B1F944B2200BBCA7A /* AlertSetting.swift in Sources */,
			);
			runOnlyForDeploymentPostprocessing = 0;
		};
/* End PBXSourcesBuildPhase section */

/* Begin PBXVariantGroup section */
		D701B62D1F7B470100A4AE87 /* Main.storyboard */ = {
			isa = PBXVariantGroup;
			children = (
				D701B62E1F7B470100A4AE87 /* Base */,
			);
			name = Main.storyboard;
			sourceTree = "<group>";
		};
		D701B6321F7B470100A4AE87 /* LaunchScreen.storyboard */ = {
			isa = PBXVariantGroup;
			children = (
				D701B6331F7B470100A4AE87 /* Base */,
			);
			name = LaunchScreen.storyboard;
			sourceTree = "<group>";
		};
/* End PBXVariantGroup section */

/* Begin XCBuildConfiguration section */
		D701B6361F7B470100A4AE87 /* Debug */ = {
			isa = XCBuildConfiguration;
			buildSettings = {
				ALWAYS_SEARCH_USER_PATHS = NO;
				CLANG_ANALYZER_NONNULL = YES;
				CLANG_ANALYZER_NUMBER_OBJECT_CONVERSION = YES_AGGRESSIVE;
				CLANG_CXX_LANGUAGE_STANDARD = "gnu++14";
				CLANG_CXX_LIBRARY = "libc++";
				CLANG_ENABLE_MODULES = YES;
				CLANG_ENABLE_OBJC_ARC = YES;
				CLANG_WARN_BLOCK_CAPTURE_AUTORELEASING = YES;
				CLANG_WARN_BOOL_CONVERSION = YES;
				CLANG_WARN_COMMA = YES;
				CLANG_WARN_CONSTANT_CONVERSION = YES;
				CLANG_WARN_DIRECT_OBJC_ISA_USAGE = YES_ERROR;
				CLANG_WARN_DOCUMENTATION_COMMENTS = YES;
				CLANG_WARN_EMPTY_BODY = YES;
				CLANG_WARN_ENUM_CONVERSION = YES;
				CLANG_WARN_INFINITE_RECURSION = YES;
				CLANG_WARN_INT_CONVERSION = YES;
				CLANG_WARN_NON_LITERAL_NULL_CONVERSION = YES;
				CLANG_WARN_OBJC_LITERAL_CONVERSION = YES;
				CLANG_WARN_OBJC_ROOT_CLASS = YES_ERROR;
				CLANG_WARN_RANGE_LOOP_ANALYSIS = YES;
				CLANG_WARN_STRICT_PROTOTYPES = YES;
				CLANG_WARN_SUSPICIOUS_MOVE = YES;
				CLANG_WARN_UNGUARDED_AVAILABILITY = YES_AGGRESSIVE;
				CLANG_WARN_UNREACHABLE_CODE = YES;
				CLANG_WARN__DUPLICATE_METHOD_MATCH = YES;
				CODE_SIGN_IDENTITY = "iPhone Developer";
				COPY_PHASE_STRIP = NO;
				DEBUG_INFORMATION_FORMAT = dwarf;
				ENABLE_STRICT_OBJC_MSGSEND = YES;
				ENABLE_TESTABILITY = YES;
				GCC_C_LANGUAGE_STANDARD = gnu11;
				GCC_DYNAMIC_NO_PIC = NO;
				GCC_NO_COMMON_BLOCKS = YES;
				GCC_OPTIMIZATION_LEVEL = 0;
				GCC_PREPROCESSOR_DEFINITIONS = (
					"DEBUG=1",
					"$(inherited)",
				);
				GCC_WARN_64_TO_32_BIT_CONVERSION = YES;
				GCC_WARN_ABOUT_RETURN_TYPE = YES_ERROR;
				GCC_WARN_UNDECLARED_SELECTOR = YES;
				GCC_WARN_UNINITIALIZED_AUTOS = YES_AGGRESSIVE;
				GCC_WARN_UNUSED_FUNCTION = YES;
				GCC_WARN_UNUSED_VARIABLE = YES;
				IPHONEOS_DEPLOYMENT_TARGET = 11.0;
				MTL_ENABLE_DEBUG_INFO = YES;
				ONLY_ACTIVE_ARCH = YES;
				SDKROOT = iphoneos;
				SWIFT_ACTIVE_COMPILATION_CONDITIONS = DEBUG;
				SWIFT_OPTIMIZATION_LEVEL = "-Onone";
			};
			name = Debug;
		};
		D701B6371F7B470100A4AE87 /* Release */ = {
			isa = XCBuildConfiguration;
			buildSettings = {
				ALWAYS_SEARCH_USER_PATHS = NO;
				CLANG_ANALYZER_NONNULL = YES;
				CLANG_ANALYZER_NUMBER_OBJECT_CONVERSION = YES_AGGRESSIVE;
				CLANG_CXX_LANGUAGE_STANDARD = "gnu++14";
				CLANG_CXX_LIBRARY = "libc++";
				CLANG_ENABLE_MODULES = YES;
				CLANG_ENABLE_OBJC_ARC = YES;
				CLANG_WARN_BLOCK_CAPTURE_AUTORELEASING = YES;
				CLANG_WARN_BOOL_CONVERSION = YES;
				CLANG_WARN_COMMA = YES;
				CLANG_WARN_CONSTANT_CONVERSION = YES;
				CLANG_WARN_DIRECT_OBJC_ISA_USAGE = YES_ERROR;
				CLANG_WARN_DOCUMENTATION_COMMENTS = YES;
				CLANG_WARN_EMPTY_BODY = YES;
				CLANG_WARN_ENUM_CONVERSION = YES;
				CLANG_WARN_INFINITE_RECURSION = YES;
				CLANG_WARN_INT_CONVERSION = YES;
				CLANG_WARN_NON_LITERAL_NULL_CONVERSION = YES;
				CLANG_WARN_OBJC_LITERAL_CONVERSION = YES;
				CLANG_WARN_OBJC_ROOT_CLASS = YES_ERROR;
				CLANG_WARN_RANGE_LOOP_ANALYSIS = YES;
				CLANG_WARN_STRICT_PROTOTYPES = YES;
				CLANG_WARN_SUSPICIOUS_MOVE = YES;
				CLANG_WARN_UNGUARDED_AVAILABILITY = YES_AGGRESSIVE;
				CLANG_WARN_UNREACHABLE_CODE = YES;
				CLANG_WARN__DUPLICATE_METHOD_MATCH = YES;
				CODE_SIGN_IDENTITY = "iPhone Developer";
				COPY_PHASE_STRIP = NO;
				DEBUG_INFORMATION_FORMAT = "dwarf-with-dsym";
				ENABLE_NS_ASSERTIONS = NO;
				ENABLE_STRICT_OBJC_MSGSEND = YES;
				GCC_C_LANGUAGE_STANDARD = gnu11;
				GCC_NO_COMMON_BLOCKS = YES;
				GCC_WARN_64_TO_32_BIT_CONVERSION = YES;
				GCC_WARN_ABOUT_RETURN_TYPE = YES_ERROR;
				GCC_WARN_UNDECLARED_SELECTOR = YES;
				GCC_WARN_UNINITIALIZED_AUTOS = YES_AGGRESSIVE;
				GCC_WARN_UNUSED_FUNCTION = YES;
				GCC_WARN_UNUSED_VARIABLE = YES;
				IPHONEOS_DEPLOYMENT_TARGET = 11.0;
				MTL_ENABLE_DEBUG_INFO = NO;
				SDKROOT = iphoneos;
				SWIFT_OPTIMIZATION_LEVEL = "-Owholemodule";
				VALIDATE_PRODUCT = YES;
			};
			name = Release;
		};
		D701B6391F7B470100A4AE87 /* Debug */ = {
			isa = XCBuildConfiguration;
			baseConfigurationReference = 3997347169FF783B9987ADB6 /* Pods-noteForU.debug.xcconfig */;
			buildSettings = {
				ASSETCATALOG_COMPILER_APPICON_NAME = AppIcon;
				CLANG_ENABLE_MODULES = YES;
				CODE_SIGN_STYLE = Automatic;
				DEVELOPMENT_TEAM = XM7PE2ATP2;
				INFOPLIST_FILE = noteForU/Info.plist;
				LD_RUNPATH_SEARCH_PATHS = "$(inherited) @executable_path/Frameworks";
				PRODUCT_BUNDLE_IDENTIFIER = com.willy.noteForU;
				PRODUCT_NAME = "$(TARGET_NAME)";
				SWIFT_OBJC_BRIDGING_HEADER = "noteForU/noteForU-Bridging-Header.h";
				SWIFT_OPTIMIZATION_LEVEL = "-Onone";
				SWIFT_VERSION = 4.0;
				TARGETED_DEVICE_FAMILY = "1,2";
			};
			name = Debug;
		};
		D701B63A1F7B470100A4AE87 /* Release */ = {
			isa = XCBuildConfiguration;
			baseConfigurationReference = E174C2DDDADE24E33B9F6DB3 /* Pods-noteForU.release.xcconfig */;
			buildSettings = {
				ASSETCATALOG_COMPILER_APPICON_NAME = AppIcon;
				CLANG_ENABLE_MODULES = YES;
				CODE_SIGN_STYLE = Automatic;
				DEVELOPMENT_TEAM = XM7PE2ATP2;
				INFOPLIST_FILE = noteForU/Info.plist;
				LD_RUNPATH_SEARCH_PATHS = "$(inherited) @executable_path/Frameworks";
				PRODUCT_BUNDLE_IDENTIFIER = com.willy.noteForU;
				PRODUCT_NAME = "$(TARGET_NAME)";
				SWIFT_OBJC_BRIDGING_HEADER = "noteForU/noteForU-Bridging-Header.h";
				SWIFT_VERSION = 4.0;
				TARGETED_DEVICE_FAMILY = "1,2";
			};
			name = Release;
		};
/* End XCBuildConfiguration section */

/* Begin XCConfigurationList section */
		D701B6211F7B470100A4AE87 /* Build configuration list for PBXProject "noteForU" */ = {
			isa = XCConfigurationList;
			buildConfigurations = (
				D701B6361F7B470100A4AE87 /* Debug */,
				D701B6371F7B470100A4AE87 /* Release */,
			);
			defaultConfigurationIsVisible = 0;
			defaultConfigurationName = Release;
		};
		D701B6381F7B470100A4AE87 /* Build configuration list for PBXNativeTarget "noteForU" */ = {
			isa = XCConfigurationList;
			buildConfigurations = (
				D701B6391F7B470100A4AE87 /* Debug */,
				D701B63A1F7B470100A4AE87 /* Release */,
			);
			defaultConfigurationIsVisible = 0;
			defaultConfigurationName = Release;
		};
/* End XCConfigurationList section */

/* Begin XCVersionGroup section */
		D7D267C31F832CC700829B43 /* DataModel.xcdatamodeld */ = {
			isa = XCVersionGroup;
			children = (
				D7D267C41F832CC700829B43 /* DataModel.xcdatamodel */,
			);
			currentVersion = D7D267C41F832CC700829B43 /* DataModel.xcdatamodel */;
			path = DataModel.xcdatamodeld;
			sourceTree = "<group>";
			versionGroupType = wrapper.xcdatamodel;
		};
/* End XCVersionGroup section */
	};
	rootObject = D701B61E1F7B470100A4AE87 /* Project object */;
}
